# This file is automatically @generated by Poetry 1.8.1 and should not be changed by hand.

[[package]]
name = "p1"
version = "0.1.0"
description = "Package 1"
optional = false
python-versions = ">=3.10,<4.0"
files = [
    {file = "p1-0.1.0-py3-none-any.whl", hash = "sha256:10f780d2f7b582b2098883e89c9f20df0e2a42d0d09e4c79a27bf7feaca8640b"},
    {file = "p1-0.1.0.tar.gz", hash = "sha256:0d708b65e5138db7a8d42008f8986540b7ac22ddb804374400fd48129878b631"},
]

[package.source]
type = "legacy"
url = "http://localhost:8080"
reference = "private-pypi"

[metadata]
lock-version = "2.0"
python-versions = "^3.10"
content-hash = "291b2bbb4123b3d86cd5f7fb5c57b939c4960f73d61987e8207d4c8b84e150b5"
